
Microsoft Visual Studio Solution File, Format Version 11.00
# Visual Studio 2010
Project("{FAE04EC0-301F-11D3-BF4B-00C04F79EFBC}") = "Text_Adventure", "Assembly-CSharp.csproj", "{F37537BF-41D1-EC86-6071-1C2C013D8DF0}"
EndProject
Project("{FAE04EC0-301F-11D3-BF4B-00C04F79EFBC}") = "Text_Adventure", "Assembly-CSharp-Editor.csproj", "{C4E8B5BC-24FC-0137-0E7D-B8FE1051811E}"
EndProject
Global
	GlobalSection(SolutionConfigurationPlatforms) = preSolution
		Debug|Any CPU = Debug|Any CPU
		Release|Any CPU = Release|Any CPU
	EndGlobalSection
	GlobalSection(ProjectConfigurationPlatforms) = postSolution
		{F37537BF-41D1-EC86-6071-1C2C013D8DF0}.Debug|Any CPU.ActiveCfg = Debug|Any CPU
		{F37537BF-41D1-EC86-6071-1C2C013D8DF0}.Debug|Any CPU.Build.0 = Debug|Any CPU
		{F37537BF-41D1-EC86-6071-1C2C013D8DF0}.Release|Any CPU.ActiveCfg = Release|Any CPU
		{F37537BF-41D1-EC86-6071-1C2C013D8DF0}.Release|Any CPU.Build.0 = Release|Any CPU
		{C4E8B5BC-24FC-0137-0E7D-B8FE1051811E}.Debug|Any CPU.ActiveCfg = Debug|Any CPU
		{C4E8B5BC-24FC-0137-0E7D-B8FE1051811E}.Debug|Any CPU.Build.0 = Debug|Any CPU
		{C4E8B5BC-24FC-0137-0E7D-B8FE1051811E}.Release|Any CPU.ActiveCfg = Release|Any CPU
		{C4E8B5BC-24FC-0137-0E7D-B8FE1051811E}.Release|Any CPU.Build.0 = Release|Any CPU
	EndGlobalSection
	GlobalSection(SolutionProperties) = preSolution
		HideSolutionNode = FALSE
	EndGlobalSection
	GlobalSection(MonoDevelopProperties) = preSolution
		StartupItem = Assembly-CSharp.csproj
	EndGlobalSection
EndGlobal
